
Microsoft Visual Studio Solution File, Format Version 12.00
# Visual Studio 14
VisualStudioVersion = 14.0.25420.1
MinimumVisualStudioVersion = 10.0.40219.1
Project("{FAE04EC0-301F-11D3-BF4B-00C04F79EFBC}") = "App5.Droid", "App5\App5.Droid\App5.Droid.csproj", "{F6EC0123-888F-4FF5-9521-B10DEB2F19F3}"
EndProject
Project("{FAE04EC0-301F-11D3-BF4B-00C04F79EFBC}") = "App5.iOS", "App5\App5.iOS\App5.iOS.csproj", "{9115E854-1ED0-4FBC-B956-05CC43FB226B}"
EndProject
Project("{FAE04EC0-301F-11D3-BF4B-00C04F79EFBC}") = "App5.WinPhone", "App5\App5.WinPhone\App5.WinPhone.csproj", "{F4735784-DC4E-45BB-8A58-DC1935593684}"
EndProject
Project("{FAE04EC0-301F-11D3-BF4B-00C04F79EFBC}") = "App5.Windows", "App5\App5.Windows\App5.Windows.csproj", "{A9A5B91B-4E84-45F5-884F-48C508B42693}"
EndProject
Project("{FAE04EC0-301F-11D3-BF4B-00C04F79EFBC}") = "App5", "App5\App5\App5.csproj", "{D73D62B3-3E36-4267-B6B6-EED3BCF67D15}"
EndProject
Global
	GlobalSection(SolutionConfigurationPlatforms) = preSolution
		Ad-Hoc|Any CPU = Ad-Hoc|Any CPU
		Ad-Hoc|ARM = Ad-Hoc|ARM
		Ad-Hoc|iPhone = Ad-Hoc|iPhone
		Ad-Hoc|iPhoneSimulator = Ad-Hoc|iPhoneSimulator
		Ad-Hoc|x64 = Ad-Hoc|x64
		Ad-Hoc|x86 = Ad-Hoc|x86
		AppStore|Any CPU = AppStore|Any CPU
		AppStore|ARM = AppStore|ARM
		AppStore|iPhone = AppStore|iPhone
		AppStore|iPhoneSimulator = AppStore|iPhoneSimulator
		AppStore|x64 = AppStore|x64
		AppStore|x86 = AppStore|x86
		Debug|Any CPU = Debug|Any CPU
		Debug|ARM = Debug|ARM
		Debug|iPhone = Debug|iPhone
		Debug|iPhoneSimulator = Debug|iPhoneSimulator
		Debug|x64 = Debug|x64
		Debug|x86 = Debug|x86
		Release|Any CPU = Release|Any CPU
		Release|ARM = Release|ARM
		Release|iPhone = Release|iPhone
		Release|iPhoneSimulator = Release|iPhoneSimulator
		Release|x64 = Release|x64
		Release|x86 = Release|x86
	EndGlobalSection
	GlobalSection(ProjectConfigurationPlatforms) = postSolution
		{F6EC0123-888F-4FF5-9521-B10DEB2F19F3}.Ad-Hoc|Any CPU.ActiveCfg = Release|Any CPU
		{F6EC0123-888F-4FF5-9521-B10DEB2F19F3}.Ad-Hoc|Any CPU.Build.0 = Release|Any CPU
		{F6EC0123-888F-4FF5-9521-B10DEB2F19F3}.Ad-Hoc|Any CPU.Deploy.0 = Release|Any CPU
		{F6EC0123-888F-4FF5-9521-B10DEB2F19F3}.Ad-Hoc|ARM.ActiveCfg = Release|Any CPU
		{F6EC0123-888F-4FF5-9521-B10DEB2F19F3}.Ad-Hoc|ARM.Build.0 = Release|Any CPU
		{F6EC0123-888F-4FF5-9521-B10DEB2F19F3}.Ad-Hoc|ARM.Deploy.0 = Release|Any CPU
		{F6EC0123-888F-4FF5-9521-B10DEB2F19F3}.Ad-Hoc|iPhone.ActiveCfg = Release|Any CPU
		{F6EC0123-888F-4FF5-9521-B10DEB2F19F3}.Ad-Hoc|iPhone.Build.0 = Release|Any CPU
		{F6EC0123-888F-4FF5-9521-B10DEB2F19F3}.Ad-Hoc|iPhone.Deploy.0 = Release|Any CPU
		{F6EC0123-888F-4FF5-9521-B10DEB2F19F3}.Ad-Hoc|iPhoneSimulator.ActiveCfg = Release|Any CPU
		{F6EC0123-888F-4FF5-9521-B10DEB2F19F3}.Ad-Hoc|iPhoneSimulator.Build.0 = Release|Any CPU
		{F6EC0123-888F-4FF5-9521-B10DEB2F19F3}.Ad-Hoc|iPhoneSimulator.Deploy.0 = Release|Any CPU
		{F6EC0123-888F-4FF5-9521-B10DEB2F19F3}.Ad-Hoc|x64.ActiveCfg = Release|Any CPU
		{F6EC0123-888F-4FF5-9521-B10DEB2F19F3}.Ad-Hoc|x64.Build.0 = Release|Any CPU
		{F6EC0123-888F-4FF5-9521-B10DEB2F19F3}.Ad-Hoc|x64.Deploy.0 = Release|Any CPU
		{F6EC0123-888F-4FF5-9521-B10DEB2F19F3}.Ad-Hoc|x86.ActiveCfg = Release|Any CPU
		{F6EC0123-888F-4FF5-9521-B10DEB2F19F3}.Ad-Hoc|x86.Build.0 = Release|Any CPU
		{F6EC0123-888F-4FF5-9521-B10DEB2F19F3}.Ad-Hoc|x86.Deploy.0 = Release|Any CPU
		{F6EC0123-888F-4FF5-9521-B10DEB2F19F3}.AppStore|Any CPU.ActiveCfg = Release|Any CPU
		{F6EC0123-888F-4FF5-9521-B10DEB2F19F3}.AppStore|Any CPU.Build.0 = Release|Any CPU
		{F6EC0123-888F-4FF5-9521-B10DEB2F19F3}.AppStore|Any CPU.Deploy.0 = Release|Any CPU
		{F6EC0123-888F-4FF5-9521-B10DEB2F19F3}.AppStore|ARM.ActiveCfg = Release|Any CPU
		{F6EC0123-888F-4FF5-9521-B10DEB2F19F3}.AppStore|ARM.Build.0 = Release|Any CPU
		{F6EC0123-888F-4FF5-9521-B10DEB2F19F3}.AppStore|ARM.Deploy.0 = Release|Any CPU
		{F6EC0123-888F-4FF5-9521-B10DEB2F19F3}.AppStore|iPhone.ActiveCfg = Release|Any CPU
		{F6EC0123-888F-4FF5-9521-B10DEB2F19F3}.AppStore|iPhone.Build.0 = Release|Any CPU
		{F6EC0123-888F-4FF5-9521-B10DEB2F19F3}.AppStore|iPhone.Deploy.0 = Release|Any CPU
		{F6EC0123-888F-4FF5-9521-B10DEB2F19F3}.AppStore|iPhoneSimulator.ActiveCfg = Release|Any CPU
		{F6EC0123-888F-4FF5-9521-B10DEB2F19F3}.AppStore|iPhoneSimulator.Build.0 = Release|Any CPU
		{F6EC0123-888F-4FF5-9521-B10DEB2F19F3}.AppStore|iPhoneSimulator.Deploy.0 = Release|Any CPU
		{F6EC0123-888F-4FF5-9521-B10DEB2F19F3}.AppStore|x64.ActiveCfg = Release|Any CPU
		{F6EC0123-888F-4FF5-9521-B10DEB2F19F3}.AppStore|x64.Build.0 = Release|Any CPU
		{F6EC0123-888F-4FF5-9521-B10DEB2F19F3}.AppStore|x64.Deploy.0 = Release|Any CPU
		{F6EC0123-888F-4FF5-9521-B10DEB2F19F3}.AppStore|x86.ActiveCfg = Release|Any CPU
		{F6EC0123-888F-4FF5-9521-B10DEB2F19F3}.AppStore|x86.Build.0 = Release|Any CPU
		{F6EC0123-888F-4FF5-9521-B10DEB2F19F3}.AppStore|x86.Deploy.0 = Release|Any CPU
		{F6EC0123-888F-4FF5-9521-B10DEB2F19F3}.Debug|Any CPU.ActiveCfg = Debug|Any CPU
		{F6EC0123-888F-4FF5-9521-B10DEB2F19F3}.Debug|Any CPU.Build.0 = Debug|Any CPU
		{F6EC0123-888F-4FF5-9521-B10DEB2F19F3}.Debug|Any CPU.Deploy.0 = Debug|Any CPU
		{F6EC0123-888F-4FF5-9521-B10DEB2F19F3}.Debug|ARM.ActiveCfg = Debug|Any CPU
		{F6EC0123-888F-4FF5-9521-B10DEB2F19F3}.Debug|ARM.Build.0 = Debug|Any CPU
		{F6EC0123-888F-4FF5-9521-B10DEB2F19F3}.Debug|ARM.Deploy.0 = Debug|Any CPU
		{F6EC0123-888F-4FF5-9521-B10DEB2F19F3}.Debug|iPhone.ActiveCfg = Debug|Any CPU
		{F6EC0123-888F-4FF5-9521-B10DEB2F19F3}.Debug|iPhone.Build.0 = Debug|Any CPU
		{F6EC0123-888F-4FF5-9521-B10DEB2F19F3}.Debug|iPhone.Deploy.0 = Debug|Any CPU
		{F6EC0123-888F-4FF5-9521-B10DEB2F19F3}.Debug|iPhoneSimulator.ActiveCfg = Debug|Any CPU
		{F6EC0123-888F-4FF5-9521-B10DEB2F19F3}.Debug|iPhoneSimulator.Build.0 = Debug|Any CPU
		{F6EC0123-888F-4FF5-9521-B10DEB2F19F3}.Debug|iPhoneSimulator.Deploy.0 = Debug|Any CPU
		{F6EC0123-888F-4FF5-9521-B10DEB2F19F3}.Debug|x64.ActiveCfg = Debug|Any CPU
		{F6EC0123-888F-4FF5-9521-B10DEB2F19F3}.Debug|x64.Build.0 = Debug|Any CPU
		{F6EC0123-888F-4FF5-9521-B10DEB2F19F3}.Debug|x64.Deploy.0 = Debug|Any CPU
		{F6EC0123-888F-4FF5-9521-B10DEB2F19F3}.Debug|x86.ActiveCfg = Debug|Any CPU
		{F6EC0123-888F-4FF5-9521-B10DEB2F19F3}.Debug|x86.Build.0 = Debug|Any CPU
		{F6EC0123-888F-4FF5-9521-B10DEB2F19F3}.Debug|x86.Deploy.0 = Debug|Any CPU
		{F6EC0123-888F-4FF5-9521-B10DEB2F19F3}.Release|Any CPU.ActiveCfg = Release|Any CPU
		{F6EC0123-888F-4FF5-9521-B10DEB2F19F3}.Release|Any CPU.Build.0 = Release|Any CPU
		{F6EC0123-888F-4FF5-9521-B10DEB2F19F3}.Release|Any CPU.Deploy.0 = Release|Any CPU
		{F6EC0123-888F-4FF5-9521-B10DEB2F19F3}.Release|ARM.ActiveCfg = Release|Any CPU
		{F6EC0123-888F-4FF5-9521-B10DEB2F19F3}.Release|ARM.Build.0 = Release|Any CPU
		{F6EC0123-888F-4FF5-9521-B10DEB2F19F3}.Release|ARM.Deploy.0 = Release|Any CPU
		{F6EC0123-888F-4FF5-9521-B10DEB2F19F3}.Release|iPhone.ActiveCfg = Release|Any CPU
		{F6EC0123-888F-4FF5-9521-B10DEB2F19F3}.Release|iPhone.Build.0 = Release|Any CPU
		{F6EC0123-888F-4FF5-9521-B10DEB2F19F3}.Release|iPhone.Deploy.0 = Release|Any CPU
		{F6EC0123-888F-4FF5-9521-B10DEB2F19F3}.Release|iPhoneSimulator.ActiveCfg = Release|Any CPU
		{F6EC0123-888F-4FF5-9521-B10DEB2F19F3}.Release|iPhoneSimulator.Build.0 = Release|Any CPU
		{F6EC0123-888F-4FF5-9521-B10DEB2F19F3}.Release|iPhoneSimulator.Deploy.0 = Release|Any CPU
		{F6EC0123-888F-4FF5-9521-B10DEB2F19F3}.Release|x64.ActiveCfg = Release|Any CPU
		{F6EC0123-888F-4FF5-9521-B10DEB2F19F3}.Release|x64.Build.0 = Release|Any CPU
		{F6EC0123-888F-4FF5-9521-B10DEB2F19F3}.Release|x64.Deploy.0 = Release|Any CPU
		{F6EC0123-888F-4FF5-9521-B10DEB2F19F3}.Release|x86.ActiveCfg = Release|Any CPU
		{F6EC0123-888F-4FF5-9521-B10DEB2F19F3}.Release|x86.Build.0 = Release|Any CPU
		{F6EC0123-888F-4FF5-9521-B10DEB2F19F3}.Release|x86.Deploy.0 = Release|Any CPU
		{9115E854-1ED0-4FBC-B956-05CC43FB226B}.Ad-Hoc|Any CPU.ActiveCfg = Ad-Hoc|iPhone
		{9115E854-1ED0-4FBC-B956-05CC43FB226B}.Ad-Hoc|ARM.ActiveCfg = Ad-Hoc|iPhone
		{9115E854-1ED0-4FBC-B956-05CC43FB226B}.Ad-Hoc|iPhone.ActiveCfg = Ad-Hoc|iPhone
		{9115E854-1ED0-4FBC-B956-05CC43FB226B}.Ad-Hoc|iPhone.Build.0 = Ad-Hoc|iPhone
		{9115E854-1ED0-4FBC-B956-05CC43FB226B}.Ad-Hoc|iPhoneSimulator.ActiveCfg = Ad-Hoc|iPhoneSimulator
		{9115E854-1ED0-4FBC-B956-05CC43FB226B}.Ad-Hoc|iPhoneSimulator.Build.0 = Ad-Hoc|iPhoneSimulator
		{9115E854-1ED0-4FBC-B956-05CC43FB226B}.Ad-Hoc|x64.ActiveCfg = Ad-Hoc|iPhone
		{9115E854-1ED0-4FBC-B956-05CC43FB226B}.Ad-Hoc|x86.ActiveCfg = Ad-Hoc|iPhone
		{9115E854-1ED0-4FBC-B956-05CC43FB226B}.AppStore|Any CPU.ActiveCfg = AppStore|iPhone
		{9115E854-1ED0-4FBC-B956-05CC43FB226B}.AppStore|ARM.ActiveCfg = AppStore|iPhone
		{9115E854-1ED0-4FBC-B956-05CC43FB226B}.AppStore|iPhone.ActiveCfg = AppStore|iPhone
		{9115E854-1ED0-4FBC-B956-05CC43FB226B}.AppStore|iPhone.Build.0 = AppStore|iPhone
		{9115E854-1ED0-4FBC-B956-05CC43FB226B}.AppStore|iPhoneSimulator.ActiveCfg = AppStore|iPhoneSimulator
		{9115E854-1ED0-4FBC-B956-05CC43FB226B}.AppStore|iPhoneSimulator.Build.0 = AppStore|iPhoneSimulator
		{9115E854-1ED0-4FBC-B956-05CC43FB226B}.AppStore|x64.ActiveCfg = AppStore|iPhone
		{9115E854-1ED0-4FBC-B956-05CC43FB226B}.AppStore|x86.ActiveCfg = AppStore|iPhone
		{9115E854-1ED0-4FBC-B956-05CC43FB226B}.Debug|Any CPU.ActiveCfg = Debug|iPhone
		{9115E854-1ED0-4FBC-B956-05CC43FB226B}.Debug|ARM.ActiveCfg = Debug|iPhone
		{9115E854-1ED0-4FBC-B956-05CC43FB226B}.Debug|iPhone.ActiveCfg = Debug|iPhone
		{9115E854-1ED0-4FBC-B956-05CC43FB226B}.Debug|iPhone.Build.0 = Debug|iPhone
		{9115E854-1ED0-4FBC-B956-05CC43FB226B}.Debug|iPhoneSimulator.ActiveCfg = Debug|iPhoneSimulator
		{9115E854-1ED0-4FBC-B956-05CC43FB226B}.Debug|iPhoneSimulator.Build.0 = Debug|iPhoneSimulator
		{9115E854-1ED0-4FBC-B956-05CC43FB226B}.Debug|x64.ActiveCfg = Debug|iPhone
		{9115E854-1ED0-4FBC-B956-05CC43FB226B}.Debug|x86.ActiveCfg = Debug|iPhone
		{9115E854-1ED0-4FBC-B956-05CC43FB226B}.Release|Any CPU.ActiveCfg = Release|iPhone
		{9115E854-1ED0-4FBC-B956-05CC43FB226B}.Release|ARM.ActiveCfg = Release|iPhone
		{9115E854-1ED0-4FBC-B956-05CC43FB226B}.Release|iPhone.ActiveCfg = Release|iPhone
		{9115E854-1ED0-4FBC-B956-05CC43FB226B}.Release|iPhone.Build.0 = Release|iPhone
		{9115E854-1ED0-4FBC-B956-05CC43FB226B}.Release|iPhoneSimulator.ActiveCfg = Release|iPhoneSimulator
		{9115E854-1ED0-4FBC-B956-05CC43FB226B}.Release|iPhoneSimulator.Build.0 = Release|iPhoneSimulator
		{9115E854-1ED0-4FBC-B956-05CC43FB226B}.Release|x64.ActiveCfg = Release|iPhone
		{9115E854-1ED0-4FBC-B956-05CC43FB226B}.Release|x86.ActiveCfg = Release|iPhone
		{F4735784-DC4E-45BB-8A58-DC1935593684}.Ad-Hoc|Any CPU.ActiveCfg = Release|Any CPU
		{F4735784-DC4E-45BB-8A58-DC1935593684}.Ad-Hoc|Any CPU.Build.0 = Release|Any CPU
		{F4735784-DC4E-45BB-8A58-DC1935593684}.Ad-Hoc|Any CPU.Deploy.0 = Release|Any CPU
		{F4735784-DC4E-45BB-8A58-DC1935593684}.Ad-Hoc|ARM.ActiveCfg = Release|ARM
		{F4735784-DC4E-45BB-8A58-DC1935593684}.Ad-Hoc|ARM.Build.0 = Release|ARM
		{F4735784-DC4E-45BB-8A58-DC1935593684}.Ad-Hoc|ARM.Deploy.0 = Release|ARM
		{F4735784-DC4E-45BB-8A58-DC1935593684}.Ad-Hoc|iPhone.ActiveCfg = Release|Any CPU
		{F4735784-DC4E-45BB-8A58-DC1935593684}.Ad-Hoc|iPhone.Build.0 = Release|Any CPU
		{F4735784-DC4E-45BB-8A58-DC1935593684}.Ad-Hoc|iPhone.Deploy.0 = Release|Any CPU
		{F4735784-DC4E-45BB-8A58-DC1935593684}.Ad-Hoc|iPhoneSimulator.ActiveCfg = Release|Any CPU
		{F4735784-DC4E-45BB-8A58-DC1935593684}.Ad-Hoc|iPhoneSimulator.Build.0 = Release|Any CPU
		{F4735784-DC4E-45BB-8A58-DC1935593684}.Ad-Hoc|iPhoneSimulator.Deploy.0 = Release|Any CPU
		{F4735784-DC4E-45BB-8A58-DC1935593684}.Ad-Hoc|x64.ActiveCfg = Release|Any CPU
		{F4735784-DC4E-45BB-8A58-DC1935593684}.Ad-Hoc|x64.Build.0 = Release|Any CPU
		{F4735784-DC4E-45BB-8A58-DC1935593684}.Ad-Hoc|x64.Deploy.0 = Release|Any CPU
		{F4735784-DC4E-45BB-8A58-DC1935593684}.Ad-Hoc|x86.ActiveCfg = Release|x86
		{F4735784-DC4E-45BB-8A58-DC1935593684}.Ad-Hoc|x86.Build.0 = Release|x86
		{F4735784-DC4E-45BB-8A58-DC1935593684}.Ad-Hoc|x86.Deploy.0 = Release|x86
		{F4735784-DC4E-45BB-8A58-DC1935593684}.AppStore|Any CPU.ActiveCfg = Release|Any CPU
		{F4735784-DC4E-45BB-8A58-DC1935593684}.AppStore|Any CPU.Build.0 = Release|Any CPU
		{F4735784-DC4E-45BB-8A58-DC1935593684}.AppStore|Any CPU.Deploy.0 = Release|Any CPU
		{F4735784-DC4E-45BB-8A58-DC1935593684}.AppStore|ARM.ActiveCfg = Release|ARM
		{F4735784-DC4E-45BB-8A58-DC1935593684}.AppStore|ARM.Build.0 = Release|ARM
		{F4735784-DC4E-45BB-8A58-DC1935593684}.AppStore|ARM.Deploy.0 = Release|ARM
		{F4735784-DC4E-45BB-8A58-DC1935593684}.AppStore|iPhone.ActiveCfg = Release|Any CPU
		{F4735784-DC4E-45BB-8A58-DC1935593684}.AppStore|iPhone.Build.0 = Release|Any CPU
		{F4735784-DC4E-45BB-8A58-DC1935593684}.AppStore|iPhone.Deploy.0 = Release|Any CPU
		{F4735784-DC4E-45BB-8A58-DC1935593684}.AppStore|iPhoneSimulator.ActiveCfg = Release|Any CPU
		{F4735784-DC4E-45BB-8A58-DC1935593684}.AppStore|iPhoneSimulator.Build.0 = Release|Any CPU
		{F4735784-DC4E-45BB-8A58-DC1935593684}.AppStore|iPhoneSimulator.Deploy.0 = Release|Any CPU
		{F4735784-DC4E-45BB-8A58-DC1935593684}.AppStore|x64.ActiveCfg = Release|Any CPU
		{F4735784-DC4E-45BB-8A58-DC1935593684}.AppStore|x64.Build.0 = Release|Any CPU
		{F4735784-DC4E-45BB-8A58-DC1935593684}.AppStore|x64.Deploy.0 = Release|Any CPU
		{F4735784-DC4E-45BB-8A58-DC1935593684}.AppStore|x86.ActiveCfg = Release|x86
		{F4735784-DC4E-45BB-8A58-DC1935593684}.AppStore|x86.Build.0 = Release|x86
		{F4735784-DC4E-45BB-8A58-DC1935593684}.AppStore|x86.Deploy.0 = Release|x86
		{F4735784-DC4E-45BB-8A58-DC1935593684}.Debug|Any CPU.ActiveCfg = Debug|Any CPU
		{F4735784-DC4E-45BB-8A58-DC1935593684}.Debug|Any CPU.Build.0 = Debug|Any CPU
		{F4735784-DC4E-45BB-8A58-DC1935593684}.Debug|Any CPU.Deploy.0 = Debug|Any CPU
		{F4735784-DC4E-45BB-8A58-DC1935593684}.Debug|ARM.ActiveCfg = Debug|ARM
		{F4735784-DC4E-45BB-8A58-DC1935593684}.Debug|ARM.Build.0 = Debug|ARM
		{F4735784-DC4E-45BB-8A58-DC1935593684}.Debug|ARM.Deploy.0 = Debug|ARM
		{F4735784-DC4E-45BB-8A58-DC1935593684}.Debug|iPhone.ActiveCfg = Debug|Any CPU
		{F4735784-DC4E-45BB-8A58-DC1935593684}.Debug|iPhone.Build.0 = Debug|Any CPU
		{F4735784-DC4E-45BB-8A58-DC1935593684}.Debug|iPhone.Deploy.0 = Debug|Any CPU
		{F4735784-DC4E-45BB-8A58-DC1935593684}.Debug|iPhoneSimulator.ActiveCfg = Debug|Any CPU
		{F4735784-DC4E-45BB-8A58-DC1935593684}.Debug|iPhoneSimulator.Build.0 = Debug|Any CPU
		{F4735784-DC4E-45BB-8A58-DC1935593684}.Debug|iPhoneSimulator.Deploy.0 = Debug|Any CPU
		{F4735784-DC4E-45BB-8A58-DC1935593684}.Debug|x64.ActiveCfg = Debug|Any CPU
		{F4735784-DC4E-45BB-8A58-DC1935593684}.Debug|x64.Build.0 = Debug|Any CPU
		{F4735784-DC4E-45BB-8A58-DC1935593684}.Debug|x64.Deploy.0 = Debug|Any CPU
		{F4735784-DC4E-45BB-8A58-DC1935593684}.Debug|x86.ActiveCfg = Debug|x86
		{F4735784-DC4E-45BB-8A58-DC1935593684}.Debug|x86.Build.0 = Debug|x86
		{F4735784-DC4E-45BB-8A58-DC1935593684}.Debug|x86.Deploy.0 = Debug|x86
		{F4735784-DC4E-45BB-8A58-DC1935593684}.Release|Any CPU.ActiveCfg = Release|Any CPU
		{F4735784-DC4E-45BB-8A58-DC1935593684}.Release|Any CPU.Build.0 = Release|Any CPU
		{F4735784-DC4E-45BB-8A58-DC1935593684}.Release|Any CPU.Deploy.0 = Release|Any CPU
		{F4735784-DC4E-45BB-8A58-DC1935593684}.Release|ARM.ActiveCfg = Release|ARM
		{F4735784-DC4E-45BB-8A58-DC1935593684}.Release|ARM.Build.0 = Release|ARM
		{F4735784-DC4E-45BB-8A58-DC1935593684}.Release|ARM.Deploy.0 = Release|ARM
		{F4735784-DC4E-45BB-8A58-DC1935593684}.Release|iPhone.ActiveCfg = Release|Any CPU
		{F4735784-DC4E-45BB-8A58-DC1935593684}.Release|iPhone.Build.0 = Release|Any CPU
		{F4735784-DC4E-45BB-8A58-DC1935593684}.Release|iPhone.Deploy.0 = Release|Any CPU
		{F4735784-DC4E-45BB-8A58-DC1935593684}.Release|iPhoneSimulator.ActiveCfg = Release|Any CPU
		{F4735784-DC4E-45BB-8A58-DC1935593684}.Release|iPhoneSimulator.Build.0 = Release|Any CPU
		{F4735784-DC4E-45BB-8A58-DC1935593684}.Release|iPhoneSimulator.Deploy.0 = Release|Any CPU
		{F4735784-DC4E-45BB-8A58-DC1935593684}.Release|x64.ActiveCfg = Release|Any CPU
		{F4735784-DC4E-45BB-8A58-DC1935593684}.Release|x64.Build.0 = Release|Any CPU
		{F4735784-DC4E-45BB-8A58-DC1935593684}.Release|x64.Deploy.0 = Release|Any CPU
		{F4735784-DC4E-45BB-8A58-DC1935593684}.Release|x86.ActiveCfg = Release|x86
		{F4735784-DC4E-45BB-8A58-DC1935593684}.Release|x86.Build.0 = Release|x86
		{F4735784-DC4E-45BB-8A58-DC1935593684}.Release|x86.Deploy.0 = Release|x86
		{A9A5B91B-4E84-45F5-884F-48C508B42693}.Ad-Hoc|Any CPU.ActiveCfg = Release|Any CPU
		{A9A5B91B-4E84-45F5-884F-48C508B42693}.Ad-Hoc|Any CPU.Build.0 = Release|Any CPU
		{A9A5B91B-4E84-45F5-884F-48C508B42693}.Ad-Hoc|Any CPU.Deploy.0 = Release|Any CPU
		{A9A5B91B-4E84-45F5-884F-48C508B42693}.Ad-Hoc|ARM.ActiveCfg = Release|ARM
		{A9A5B91B-4E84-45F5-884F-48C508B42693}.Ad-Hoc|ARM.Build.0 = Release|ARM
		{A9A5B91B-4E84-45F5-884F-48C508B42693}.Ad-Hoc|ARM.Deploy.0 = Release|ARM
		{A9A5B91B-4E84-45F5-884F-48C508B42693}.Ad-Hoc|iPhone.ActiveCfg = Release|Any CPU
		{A9A5B91B-4E84-45F5-884F-48C508B42693}.Ad-Hoc|iPhone.Build.0 = Release|Any CPU
		{A9A5B91B-4E84-45F5-884F-48C508B42693}.Ad-Hoc|iPhone.Deploy.0 = Release|Any CPU
		{A9A5B91B-4E84-45F5-884F-48C508B42693}.Ad-Hoc|iPhoneSimulator.ActiveCfg = Release|Any CPU
		{A9A5B91B-4E84-45F5-884F-48C508B42693}.Ad-Hoc|iPhoneSimulator.Build.0 = Release|Any CPU
		{A9A5B91B-4E84-45F5-884F-48C508B42693}.Ad-Hoc|iPhoneSimulator.Deploy.0 = Release|Any CPU
		{A9A5B91B-4E84-45F5-884F-48C508B42693}.Ad-Hoc|x64.ActiveCfg = Release|x64
		{A9A5B91B-4E84-45F5-884F-48C508B42693}.Ad-Hoc|x64.Build.0 = Release|x64
		{A9A5B91B-4E84-45F5-884F-48C508B42693}.Ad-Hoc|x64.Deploy.0 = Release|x64
		{A9A5B91B-4E84-45F5-884F-48C508B42693}.Ad-Hoc|x86.ActiveCfg = Release|x86
		{A9A5B91B-4E84-45F5-884F-48C508B42693}.Ad-Hoc|x86.Build.0 = Release|x86
		{A9A5B91B-4E84-45F5-884F-48C508B42693}.Ad-Hoc|x86.Deploy.0 = Release|x86
		{A9A5B91B-4E84-45F5-884F-48C508B42693}.AppStore|Any CPU.ActiveCfg = Release|Any CPU
		{A9A5B91B-4E84-45F5-884F-48C508B42693}.AppStore|Any CPU.Build.0 = Release|Any CPU
		{A9A5B91B-4E84-45F5-884F-48C508B42693}.AppStore|Any CPU.Deploy.0 = Release|Any CPU
		{A9A5B91B-4E84-45F5-884F-48C508B42693}.AppStore|ARM.ActiveCfg = Release|ARM
		{A9A5B91B-4E84-45F5-884F-48C508B42693}.AppStore|ARM.Build.0 = Release|ARM
		{A9A5B91B-4E84-45F5-884F-48C508B42693}.AppStore|ARM.Deploy.0 = Release|ARM
		{A9A5B91B-4E84-45F5-884F-48C508B42693}.AppStore|iPhone.ActiveCfg = Release|Any CPU
		{A9A5B91B-4E84-45F5-884F-48C508B42693}.AppStore|iPhone.Build.0 = Release|Any CPU
		{A9A5B91B-4E84-45F5-884F-48C508B42693}.AppStore|iPhone.Deploy.0 = Release|Any CPU
		{A9A5B91B-4E84-45F5-884F-48C508B42693}.AppStore|iPhoneSimulator.ActiveCfg = Release|Any CPU
		{A9A5B91B-4E84-45F5-884F-48C508B42693}.AppStore|iPhoneSimulator.Build.0 = Release|Any CPU
		{A9A5B91B-4E84-45F5-884F-48C508B42693}.AppStore|iPhoneSimulator.Deploy.0 = Release|Any CPU
		{A9A5B91B-4E84-45F5-884F-48C508B42693}.AppStore|x64.ActiveCfg = Release|x64
		{A9A5B91B-4E84-45F5-884F-48C508B42693}.AppStore|x64.Build.0 = Release|x64
		{A9A5B91B-4E84-45F5-884F-48C508B42693}.AppStore|x64.Deploy.0 = Release|x64
		{A9A5B91B-4E84-45F5-884F-48C508B42693}.AppStore|x86.ActiveCfg = Release|x86
		{A9A5B91B-4E84-45F5-884F-48C508B42693}.AppStore|x86.Build.0 = Release|x86
		{A9A5B91B-4E84-45F5-884F-48C508B42693}.AppStore|x86.Deploy.0 = Release|x86
		{A9A5B91B-4E84-45F5-884F-48C508B42693}.Debug|Any CPU.ActiveCfg = Debug|Any CPU
		{A9A5B91B-4E84-45F5-884F-48C508B42693}.Debug|Any CPU.Build.0 = Debug|Any CPU
		{A9A5B91B-4E84-45F5-884F-48C508B42693}.Debug|Any CPU.Deploy.0 = Debug|Any CPU
		{A9A5B91B-4E84-45F5-884F-48C508B42693}.Debug|ARM.ActiveCfg = Debug|ARM
		{A9A5B91B-4E84-45F5-884F-48C508B42693}.Debug|ARM.Build.0 = Debug|ARM
		{A9A5B91B-4E84-45F5-884F-48C508B42693}.Debug|ARM.Deploy.0 = Debug|ARM
		{A9A5B91B-4E84-45F5-884F-48C508B42693}.Debug|iPhone.ActiveCfg = Debug|Any CPU
		{A9A5B91B-4E84-45F5-884F-48C508B42693}.Debug|iPhone.Build.0 = Debug|Any CPU
		{A9A5B91B-4E84-45F5-884F-48C508B42693}.Debug|iPhone.Deploy.0 = Debug|Any CPU
		{A9A5B91B-4E84-45F5-884F-48C508B42693}.Debug|iPhoneSimulator.ActiveCfg = Debug|Any CPU
		{A9A5B91B-4E84-45F5-884F-48C508B42693}.Debug|iPhoneSimulator.Build.0 = Debug|Any CPU
		{A9A5B91B-4E84-45F5-884F-48C508B42693}.Debug|iPhoneSimulator.Deploy.0 = Debug|Any CPU
		{A9A5B91B-4E84-45F5-884F-48C508B42693}.Debug|x64.ActiveCfg = Debug|x64
		{A9A5B91B-4E84-45F5-884F-48C508B42693}.Debug|x64.Build.0 = Debug|x64
		{A9A5B91B-4E84-45F5-884F-48C508B42693}.Debug|x64.Deploy.0 = Debug|x64
		{A9A5B91B-4E84-45F5-884F-48C508B42693}.Debug|x86.ActiveCfg = Debug|x86
		{A9A5B91B-4E84-45F5-884F-48C508B42693}.Debug|x86.Build.0 = Debug|x86
		{A9A5B91B-4E84-45F5-884F-48C508B42693}.Debug|x86.Deploy.0 = Debug|x86
		{A9A5B91B-4E84-45F5-884F-48C508B42693}.Release|Any CPU.ActiveCfg = Release|Any CPU
		{A9A5B91B-4E84-45F5-884F-48C508B42693}.Release|Any CPU.Build.0 = Release|Any CPU
		{A9A5B91B-4E84-45F5-884F-48C508B42693}.Release|Any CPU.Deploy.0 = Release|Any CPU
		{A9A5B91B-4E84-45F5-884F-48C508B42693}.Release|ARM.ActiveCfg = Release|ARM
		{A9A5B91B-4E84-45F5-884F-48C508B42693}.Release|ARM.Build.0 = Release|ARM
		{A9A5B91B-4E84-45F5-884F-48C508B42693}.Release|ARM.Deploy.0 = Release|ARM
		{A9A5B91B-4E84-45F5-884F-48C508B42693}.Release|iPhone.ActiveCfg = Release|Any CPU
		{A9A5B91B-4E84-45F5-884F-48C508B42693}.Release|iPhone.Build.0 = Release|Any CPU
		{A9A5B91B-4E84-45F5-884F-48C508B42693}.Release|iPhone.Deploy.0 = Release|Any CPU
		{A9A5B91B-4E84-45F5-884F-48C508B42693}.Release|iPhoneSimulator.ActiveCfg = Release|Any CPU
		{A9A5B91B-4E84-45F5-884F-48C508B42693}.Release|iPhoneSimulator.Build.0 = Release|Any CPU
		{A9A5B91B-4E84-45F5-884F-48C508B42693}.Release|iPhoneSimulator.Deploy.0 = Release|Any CPU
		{A9A5B91B-4E84-45F5-884F-48C508B42693}.Release|x64.ActiveCfg = Release|x64
		{A9A5B91B-4E84-45F5-884F-48C508B42693}.Release|x64.Build.0 = Release|x64
		{A9A5B91B-4E84-45F5-884F-48C508B42693}.Release|x64.Deploy.0 = Release|x64
		{A9A5B91B-4E84-45F5-884F-48C508B42693}.Release|x86.ActiveCfg = Release|x86
		{A9A5B91B-4E84-45F5-884F-48C508B42693}.Release|x86.Build.0 = Release|x86
		{A9A5B91B-4E84-45F5-884F-48C508B42693}.Release|x86.Deploy.0 = Release|x86
		{D73D62B3-3E36-4267-B6B6-EED3BCF67D15}.Ad-Hoc|Any CPU.ActiveCfg = Release|Any CPU
		{D73D62B3-3E36-4267-B6B6-EED3BCF67D15}.Ad-Hoc|Any CPU.Build.0 = Release|Any CPU
		{D73D62B3-3E36-4267-B6B6-EED3BCF67D15}.Ad-Hoc|ARM.ActiveCfg = Release|Any CPU
		{D73D62B3-3E36-4267-B6B6-EED3BCF67D15}.Ad-Hoc|ARM.Build.0 = Release|Any CPU
		{D73D62B3-3E36-4267-B6B6-EED3BCF67D15}.Ad-Hoc|iPhone.ActiveCfg = Release|Any CPU
		{D73D62B3-3E36-4267-B6B6-EED3BCF67D15}.Ad-Hoc|iPhone.Build.0 = Release|Any CPU
		{D73D62B3-3E36-4267-B6B6-EED3BCF67D15}.Ad-Hoc|iPhoneSimulator.ActiveCfg = Release|Any CPU
		{D73D62B3-3E36-4267-B6B6-EED3BCF67D15}.Ad-Hoc|iPhoneSimulator.Build.0 = Release|Any CPU
		{D73D62B3-3E36-4267-B6B6-EED3BCF67D15}.Ad-Hoc|x64.ActiveCfg = Release|Any CPU
		{D73D62B3-3E36-4267-B6B6-EED3BCF67D15}.Ad-Hoc|x64.Build.0 = Release|Any CPU
		{D73D62B3-3E36-4267-B6B6-EED3BCF67D15}.Ad-Hoc|x86.ActiveCfg = Release|Any CPU
		{D73D62B3-3E36-4267-B6B6-EED3BCF67D15}.Ad-Hoc|x86.Build.0 = Release|Any CPU
		{D73D62B3-3E36-4267-B6B6-EED3BCF67D15}.AppStore|Any CPU.ActiveCfg = Release|Any CPU
		{D73D62B3-3E36-4267-B6B6-EED3BCF67D15}.AppStore|Any CPU.Build.0 = Release|Any CPU
		{D73D62B3-3E36-4267-B6B6-EED3BCF67D15}.AppStore|ARM.ActiveCfg = Release|Any CPU
		{D73D62B3-3E36-4267-B6B6-EED3BCF67D15}.AppStore|ARM.Build.0 = Release|Any CPU
		{D73D62B3-3E36-4267-B6B6-EED3BCF67D15}.AppStore|iPhone.ActiveCfg = Release|Any CPU
		{D73D62B3-3E36-4267-B6B6-EED3BCF67D15}.AppStore|iPhone.Build.0 = Release|Any CPU
		{D73D62B3-3E36-4267-B6B6-EED3BCF67D15}.AppStore|iPhoneSimulator.ActiveCfg = Release|Any CPU
		{D73D62B3-3E36-4267-B6B6-EED3BCF67D15}.AppStore|iPhoneSimulator.Build.0 = Release|Any CPU
		{D73D62B3-3E36-4267-B6B6-EED3BCF67D15}.AppStore|x64.ActiveCfg = Release|Any CPU
		{D73D62B3-3E36-4267-B6B6-EED3BCF67D15}.AppStore|x64.Build.0 = Release|Any CPU
		{D73D62B3-3E36-4267-B6B6-EED3BCF67D15}.AppStore|x86.ActiveCfg = Release|Any CPU
		{D73D62B3-3E36-4267-B6B6-EED3BCF67D15}.AppStore|x86.Build.0 = Release|Any CPU
		{D73D62B3-3E36-4267-B6B6-EED3BCF67D15}.Debug|Any CPU.ActiveCfg = Debug|Any CPU
		{D73D62B3-3E36-4267-B6B6-EED3BCF67D15}.Debug|Any CPU.Build.0 = Debug|Any CPU
		{D73D62B3-3E36-4267-B6B6-EED3BCF67D15}.Debug|ARM.ActiveCfg = Debug|Any CPU
		{D73D62B3-3E36-4267-B6B6-EED3BCF67D15}.Debug|ARM.Build.0 = Debug|Any CPU
		{D73D62B3-3E36-4267-B6B6-EED3BCF67D15}.Debug|iPhone.ActiveCfg = Debug|Any CPU
		{D73D62B3-3E36-4267-B6B6-EED3BCF67D15}.Debug|iPhone.Build.0 = Debug|Any CPU
		{D73D62B3-3E36-4267-B6B6-EED3BCF67D15}.Debug|iPhoneSimulator.ActiveCfg = Debug|Any CPU
		{D73D62B3-3E36-4267-B6B6-EED3BCF67D15}.Debug|iPhoneSimulator.Build.0 = Debug|Any CPU
		{D73D62B3-3E36-4267-B6B6-EED3BCF67D15}.Debug|x64.ActiveCfg = Debug|Any CPU
		{D73D62B3-3E36-4267-B6B6-EED3BCF67D15}.Debug|x64.Build.0 = Debug|Any CPU
		{D73D62B3-3E36-4267-B6B6-EED3BCF67D15}.Debug|x86.ActiveCfg = Debug|Any CPU
		{D73D62B3-3E36-4267-B6B6-EED3BCF67D15}.Debug|x86.Build.0 = Debug|Any CPU
		{D73D62B3-3E36-4267-B6B6-EED3BCF67D15}.Release|Any CPU.ActiveCfg = Release|Any CPU
		{D73D62B3-3E36-4267-B6B6-EED3BCF67D15}.Release|Any CPU.Build.0 = Release|Any CPU
		{D73D62B3-3E36-4267-B6B6-EED3BCF67D15}.Release|ARM.ActiveCfg = Release|Any CPU
		{D73D62B3-3E36-4267-B6B6-EED3BCF67D15}.Release|ARM.Build.0 = Release|Any CPU
		{D73D62B3-3E36-4267-B6B6-EED3BCF67D15}.Release|iPhone.ActiveCfg = Release|Any CPU
		{D73D62B3-3E36-4267-B6B6-EED3BCF67D15}.Release|iPhone.Build.0 = Release|Any CPU
		{D73D62B3-3E36-4267-B6B6-EED3BCF67D15}.Release|iPhoneSimulator.ActiveCfg = Release|Any CPU
		{D73D62B3-3E36-4267-B6B6-EED3BCF67D15}.Release|iPhoneSimulator.Build.0 = Release|Any CPU
		{D73D62B3-3E36-4267-B6B6-EED3BCF67D15}.Release|x64.ActiveCfg = Release|Any CPU
		{D73D62B3-3E36-4267-B6B6-EED3BCF67D15}.Release|x64.Build.0 = Release|Any CPU
		{D73D62B3-3E36-4267-B6B6-EED3BCF67D15}.Release|x86.ActiveCfg = Release|Any CPU
		{D73D62B3-3E36-4267-B6B6-EED3BCF67D15}.Release|x86.Build.0 = Release|Any CPU
	EndGlobalSection
	GlobalSection(SolutionProperties) = preSolution
		HideSolutionNode = FALSE
	EndGlobalSection
EndGlobal
